
Microsoft Visual Studio Solution File, Format Version 12.00
# Visual Studio 15
VisualStudioVersion = 15.0.26124.0
MinimumVisualStudioVersion = 15.0.26124.0
Project("{FAE04EC0-301F-11D3-BF4B-00C04F79EFBC}") = "Domain", "Domain\Domain.csproj", "{5401E914-80D3-496A-92FA-2459F65A9010}"
EndProject
Project("{FAE04EC0-301F-11D3-BF4B-00C04F79EFBC}") = "API", "API\API.csproj", "{F4CC190D-B66B-4F5E-BF8C-94886747E373}"
EndProject
Project("{FAE04EC0-301F-11D3-BF4B-00C04F79EFBC}") = "Application", "Application\Application.csproj", "{A843E0D0-8818-4912-82ED-2E092AFAB2C0}"
EndProject
Project("{FAE04EC0-301F-11D3-BF4B-00C04F79EFBC}") = "Persistence", "Persistence\Persistence.csproj", "{8333AF56-360F-4D86-8698-F38EA9EACBEB}"
EndProject
Global
	GlobalSection(SolutionConfigurationPlatforms) = preSolution
		Debug|Any CPU = Debug|Any CPU
		Debug|x64 = Debug|x64
		Debug|x86 = Debug|x86
		Release|Any CPU = Release|Any CPU
		Release|x64 = Release|x64
		Release|x86 = Release|x86
	EndGlobalSection
	GlobalSection(SolutionProperties) = preSolution
		HideSolutionNode = FALSE
	EndGlobalSection
	GlobalSection(ProjectConfigurationPlatforms) = postSolution
		{5401E914-80D3-496A-92FA-2459F65A9010}.Debug|Any CPU.ActiveCfg = Debug|Any CPU
		{5401E914-80D3-496A-92FA-2459F65A9010}.Debug|Any CPU.Build.0 = Debug|Any CPU
		{5401E914-80D3-496A-92FA-2459F65A9010}.Debug|x64.ActiveCfg = Debug|Any CPU
		{5401E914-80D3-496A-92FA-2459F65A9010}.Debug|x64.Build.0 = Debug|Any CPU
		{5401E914-80D3-496A-92FA-2459F65A9010}.Debug|x86.ActiveCfg = Debug|Any CPU
		{5401E914-80D3-496A-92FA-2459F65A9010}.Debug|x86.Build.0 = Debug|Any CPU
		{5401E914-80D3-496A-92FA-2459F65A9010}.Release|Any CPU.ActiveCfg = Release|Any CPU
		{5401E914-80D3-496A-92FA-2459F65A9010}.Release|Any CPU.Build.0 = Release|Any CPU
		{5401E914-80D3-496A-92FA-2459F65A9010}.Release|x64.ActiveCfg = Release|Any CPU
		{5401E914-80D3-496A-92FA-2459F65A9010}.Release|x64.Build.0 = Release|Any CPU
		{5401E914-80D3-496A-92FA-2459F65A9010}.Release|x86.ActiveCfg = Release|Any CPU
		{5401E914-80D3-496A-92FA-2459F65A9010}.Release|x86.Build.0 = Release|Any CPU
		{F4CC190D-B66B-4F5E-BF8C-94886747E373}.Debug|Any CPU.ActiveCfg = Debug|Any CPU
		{F4CC190D-B66B-4F5E-BF8C-94886747E373}.Debug|Any CPU.Build.0 = Debug|Any CPU
		{F4CC190D-B66B-4F5E-BF8C-94886747E373}.Debug|x64.ActiveCfg = Debug|Any CPU
		{F4CC190D-B66B-4F5E-BF8C-94886747E373}.Debug|x64.Build.0 = Debug|Any CPU
		{F4CC190D-B66B-4F5E-BF8C-94886747E373}.Debug|x86.ActiveCfg = Debug|Any CPU
		{F4CC190D-B66B-4F5E-BF8C-94886747E373}.Debug|x86.Build.0 = Debug|Any CPU
		{F4CC190D-B66B-4F5E-BF8C-94886747E373}.Release|Any CPU.ActiveCfg = Release|Any CPU
		{F4CC190D-B66B-4F5E-BF8C-94886747E373}.Release|Any CPU.Build.0 = Release|Any CPU
		{F4CC190D-B66B-4F5E-BF8C-94886747E373}.Release|x64.ActiveCfg = Release|Any CPU
		{F4CC190D-B66B-4F5E-BF8C-94886747E373}.Release|x64.Build.0 = Release|Any CPU
		{F4CC190D-B66B-4F5E-BF8C-94886747E373}.Release|x86.ActiveCfg = Release|Any CPU
		{F4CC190D-B66B-4F5E-BF8C-94886747E373}.Release|x86.Build.0 = Release|Any CPU
		{A843E0D0-8818-4912-82ED-2E092AFAB2C0}.Debug|Any CPU.ActiveCfg = Debug|Any CPU
		{A843E0D0-8818-4912-82ED-2E092AFAB2C0}.Debug|Any CPU.Build.0 = Debug|Any CPU
		{A843E0D0-8818-4912-82ED-2E092AFAB2C0}.Debug|x64.ActiveCfg = Debug|Any CPU
		{A843E0D0-8818-4912-82ED-2E092AFAB2C0}.Debug|x64.Build.0 = Debug|Any CPU
		{A843E0D0-8818-4912-82ED-2E092AFAB2C0}.Debug|x86.ActiveCfg = Debug|Any CPU
		{A843E0D0-8818-4912-82ED-2E092AFAB2C0}.Debug|x86.Build.0 = Debug|Any CPU
		{A843E0D0-8818-4912-82ED-2E092AFAB2C0}.Release|Any CPU.ActiveCfg = Release|Any CPU
		{A843E0D0-8818-4912-82ED-2E092AFAB2C0}.Release|Any CPU.Build.0 = Release|Any CPU
		{A843E0D0-8818-4912-82ED-2E092AFAB2C0}.Release|x64.ActiveCfg = Release|Any CPU
		{A843E0D0-8818-4912-82ED-2E092AFAB2C0}.Release|x64.Build.0 = Release|Any CPU
		{A843E0D0-8818-4912-82ED-2E092AFAB2C0}.Release|x86.ActiveCfg = Release|Any CPU
		{A843E0D0-8818-4912-82ED-2E092AFAB2C0}.Release|x86.Build.0 = Release|Any CPU
		{8333AF56-360F-4D86-8698-F38EA9EACBEB}.Debug|Any CPU.ActiveCfg = Debug|Any CPU
		{8333AF56-360F-4D86-8698-F38EA9EACBEB}.Debug|Any CPU.Build.0 = Debug|Any CPU
		{8333AF56-360F-4D86-8698-F38EA9EACBEB}.Debug|x64.ActiveCfg = Debug|Any CPU
		{8333AF56-360F-4D86-8698-F38EA9EACBEB}.Debug|x64.Build.0 = Debug|Any CPU
		{8333AF56-360F-4D86-8698-F38EA9EACBEB}.Debug|x86.ActiveCfg = Debug|Any CPU
		{8333AF56-360F-4D86-8698-F38EA9EACBEB}.Debug|x86.Build.0 = Debug|Any CPU
		{8333AF56-360F-4D86-8698-F38EA9EACBEB}.Release|Any CPU.ActiveCfg = Release|Any CPU
		{8333AF56-360F-4D86-8698-F38EA9EACBEB}.Release|Any CPU.Build.0 = Release|Any CPU
		{8333AF56-360F-4D86-8698-F38EA9EACBEB}.Release|x64.ActiveCfg = Release|Any CPU
		{8333AF56-360F-4D86-8698-F38EA9EACBEB}.Release|x64.Build.0 = Release|Any CPU
		{8333AF56-360F-4D86-8698-F38EA9EACBEB}.Release|x86.ActiveCfg = Release|Any CPU
		{8333AF56-360F-4D86-8698-F38EA9EACBEB}.Release|x86.Build.0 = Release|Any CPU
	EndGlobalSection
EndGlobal
